dependencies:
- name: postgresql
  repository: https://kubernetes-charts.storage.googleapis.com
  version: 8.1.4
- name: cp-helm-charts
  repository: https://confluentinc.github.io/cp-helm-charts/
  version: 0.4.0
digest: sha256:cccdffe7aed066680ef657434f311bfe6bbe04ed2a235914e17c0e628660858f
generated: "2020-01-22T17:19:11.3975199+07:00"
